
Microsoft Visual Studio Solution File, Format Version 12.00
# Visual Studio 15
VisualStudioVersion = 15.0.27130.2020
MinimumVisualStudioVersion = 10.0.40219.1
Project("{FAE04EC0-301F-11D3-BF4B-00C04F79EFBC}") = "Coinage.ICO.Contract", "Coinage.ICO.Contract\Coinage.ICO.Contract.csproj", "{776204CA-2C29-4038-A992-0D0EBB977B0E}"
EndProject
Project("{FAE04EC0-301F-11D3-BF4B-00C04F79EFBC}") = "Coinage.ICO.Tests.Nunit", "Coinage.ICO.Tests.Nunit\Coinage.ICO.Tests.Nunit.csproj", "{674AC8E2-9E1E-4B7B-A2E6-BEC625953655}"
EndProject
Project("{FAE04EC0-301F-11D3-BF4B-00C04F79EFBC}") = "SimpleNeo", "SimpleNeo\SimpleNeo.csproj", "{7EC77536-7552-404A-8BD8-F5DD3759AB35}"
EndProject
Project("{FAE04EC0-301F-11D3-BF4B-00C04F79EFBC}") = "SimpleNeo.Tests.Functional", "SimpleNeo.Tests.Functional\SimpleNeo.Tests.Functional.csproj", "{D7C3AE50-16F9-44DB-8BDD-3954E11BF18D}"
EndProject
Global
	GlobalSection(SolutionConfigurationPlatforms) = preSolution
		Debug|Any CPU = Debug|Any CPU
		Release|Any CPU = Release|Any CPU
	EndGlobalSection
	GlobalSection(ProjectConfigurationPlatforms) = postSolution
		{776204CA-2C29-4038-A992-0D0EBB977B0E}.Debug|Any CPU.ActiveCfg = Debug|Any CPU
		{776204CA-2C29-4038-A992-0D0EBB977B0E}.Debug|Any CPU.Build.0 = Debug|Any CPU
		{776204CA-2C29-4038-A992-0D0EBB977B0E}.Release|Any CPU.ActiveCfg = Release|Any CPU
		{776204CA-2C29-4038-A992-0D0EBB977B0E}.Release|Any CPU.Build.0 = Release|Any CPU
		{674AC8E2-9E1E-4B7B-A2E6-BEC625953655}.Debug|Any CPU.ActiveCfg = Debug|Any CPU
		{674AC8E2-9E1E-4B7B-A2E6-BEC625953655}.Debug|Any CPU.Build.0 = Debug|Any CPU
		{674AC8E2-9E1E-4B7B-A2E6-BEC625953655}.Release|Any CPU.ActiveCfg = Release|Any CPU
		{674AC8E2-9E1E-4B7B-A2E6-BEC625953655}.Release|Any CPU.Build.0 = Release|Any CPU
		{7EC77536-7552-404A-8BD8-F5DD3759AB35}.Debug|Any CPU.ActiveCfg = Debug|Any CPU
		{7EC77536-7552-404A-8BD8-F5DD3759AB35}.Debug|Any CPU.Build.0 = Debug|Any CPU
		{7EC77536-7552-404A-8BD8-F5DD3759AB35}.Release|Any CPU.ActiveCfg = Release|Any CPU
		{7EC77536-7552-404A-8BD8-F5DD3759AB35}.Release|Any CPU.Build.0 = Release|Any CPU
		{D7C3AE50-16F9-44DB-8BDD-3954E11BF18D}.Debug|Any CPU.ActiveCfg = Debug|Any CPU
		{D7C3AE50-16F9-44DB-8BDD-3954E11BF18D}.Debug|Any CPU.Build.0 = Debug|Any CPU
		{D7C3AE50-16F9-44DB-8BDD-3954E11BF18D}.Release|Any CPU.ActiveCfg = Release|Any CPU
		{D7C3AE50-16F9-44DB-8BDD-3954E11BF18D}.Release|Any CPU.Build.0 = Release|Any CPU
	EndGlobalSection
	GlobalSection(SolutionProperties) = preSolution
		HideSolutionNode = FALSE
	EndGlobalSection
	GlobalSection(ExtensibilityGlobals) = postSolution
		SolutionGuid = {2F4E7E0B-F800-48D7-96D7-1D25EE35EA55}
	EndGlobalSection
EndGlobal
